
Microsoft Visual Studio Solution File, Format Version 12.00
# Visual Studio Version 16
VisualStudioVersion = 16.0.29326.143
MinimumVisualStudioVersion = 10.0.40219.1
Project("{9A19103F-16F7-4668-BE54-9A1E7A4F7556}") = "TestAppForLeetCode", "TestAppForLeetCode.csproj", "{EBC70EA1-0467-4987-9666-2E55DE3D73D6}"
EndProject
Project("{FAE04EC0-301F-11D3-BF4B-00C04F79EFBC}") = "OtherExamples", "..\OtherExamples\OtherExamples.csproj", "{892C5C65-B105-4B22-889D-C161DEC1E3D1}"
EndProject
Global
	GlobalSection(SolutionConfigurationPlatforms) = preSolution
		Debug|Any CPU = Debug|Any CPU
		Release|Any CPU = Release|Any CPU
	EndGlobalSection
	GlobalSection(ProjectConfigurationPlatforms) = postSolution
		{EBC70EA1-0467-4987-9666-2E55DE3D73D6}.Debug|Any CPU.ActiveCfg = Debug|Any CPU
		{EBC70EA1-0467-4987-9666-2E55DE3D73D6}.Debug|Any CPU.Build.0 = Debug|Any CPU
		{EBC70EA1-0467-4987-9666-2E55DE3D73D6}.Release|Any CPU.ActiveCfg = Release|Any CPU
		{EBC70EA1-0467-4987-9666-2E55DE3D73D6}.Release|Any CPU.Build.0 = Release|Any CPU
		{892C5C65-B105-4B22-889D-C161DEC1E3D1}.Debug|Any CPU.ActiveCfg = Debug|Any CPU
		{892C5C65-B105-4B22-889D-C161DEC1E3D1}.Debug|Any CPU.Build.0 = Debug|Any CPU
		{892C5C65-B105-4B22-889D-C161DEC1E3D1}.Release|Any CPU.ActiveCfg = Release|Any CPU
		{892C5C65-B105-4B22-889D-C161DEC1E3D1}.Release|Any CPU.Build.0 = Release|Any CPU
	EndGlobalSection
	GlobalSection(SolutionProperties) = preSolution
		HideSolutionNode = FALSE
	EndGlobalSection
	GlobalSection(ExtensibilityGlobals) = postSolution
		SolutionGuid = {1A63F2B0-3B38-4FC7-AC2E-11D27739CE5D}
	EndGlobalSection
EndGlobal
